
Microsoft Visual Studio Solution File, Format Version 12.00
# Visual Studio Version 17
VisualStudioVersion = 17.5.33424.131
MinimumVisualStudioVersion = 10.0.40219.1
Project("{FAE04EC0-301F-11D3-BF4B-00C04F79EFBC}") = "AkbilYonetimiUI", "AkbilYonetimiUI\AkbilYonetimiUI.csproj", "{4EAB99CB-4692-4AE6-A3C3-84F77038DD2D}"
EndProject
Global
	GlobalSection(SolutionConfigurationPlatforms) = preSolution
		Debug|Any CPU = Debug|Any CPU
		Release|Any CPU = Release|Any CPU
	EndGlobalSection
	GlobalSection(ProjectConfigurationPlatforms) = postSolution
		{4EAB99CB-4692-4AE6-A3C3-84F77038DD2D}.Debug|Any CPU.ActiveCfg = Debug|Any CPU
		{4EAB99CB-4692-4AE6-A3C3-84F77038DD2D}.Debug|Any CPU.Build.0 = Debug|Any CPU
		{4EAB99CB-4692-4AE6-A3C3-84F77038DD2D}.Release|Any CPU.ActiveCfg = Release|Any CPU
		{4EAB99CB-4692-4AE6-A3C3-84F77038DD2D}.Release|Any CPU.Build.0 = Release|Any CPU
	EndGlobalSection
	GlobalSection(SolutionProperties) = preSolution
		HideSolutionNode = FALSE
	EndGlobalSection
	GlobalSection(ExtensibilityGlobals) = postSolution
		SolutionGuid = {537733D7-C2AF-496E-91D2-134DEC973BE0}
	EndGlobalSection
EndGlobal
